{
  "name": "subject",
  "version": "1.0.0",
  "lockfileVersion": 1,
  "requires": true,
  "dependencies": {
    "compromise": {
      "version": "11.13.2",
      "resolved": "https://registry.npmjs.org/compromise/-/compromise-11.13.2.tgz",
      "integrity": "sha512-E1zhtbVNapANcLVCktjm+GxZh+J3pE4epUXb6AgKRr1hYdM8AfUuV+sAS6M7Anuikq9q9HTMVttm1ignDLHt6A==",
      "requires": {
        "efrt-unpack": "2.0.3"
      }
    },
    "efrt-unpack": {
      "version": "2.0.3",
      "resolved": "https://registry.npmjs.org/efrt-unpack/-/efrt-unpack-2.0.3.tgz",
      "integrity": "sha512-ocvMy2FUrwdO8mfbe8abpb9hEC8GqifH5/VONgb9aPNOTakRcJVTaLMBG6TBQ64Y7qEVABIkVA9jacdKJErE+g=="
    }
  }
}
